
Microsoft Visual Studio Solution File, Format Version 12.00
# Visual Studio Version 17
VisualStudioVersion = 17.7.34202.233
MinimumVisualStudioVersion = 10.0.40219.1
Project("{FAE04EC0-301F-11D3-BF4B-00C04F79EFBC}") = "KanbanTaskManagementApplication", "KanbanTaskManagementApplication\KanbanTaskManagementApplication.csproj", "{D6EA227E-12FD-462B-B648-795E510C863A}"
EndProject
Global
	GlobalSection(SolutionConfigurationPlatforms) = preSolution
		Debug|Any CPU = Debug|Any CPU
		Release|Any CPU = Release|Any CPU
	EndGlobalSection
	GlobalSection(ProjectConfigurationPlatforms) = postSolution
		{D6EA227E-12FD-462B-B648-795E510C863A}.Debug|Any CPU.ActiveCfg = Debug|Any CPU
		{D6EA227E-12FD-462B-B648-795E510C863A}.Debug|Any CPU.Build.0 = Debug|Any CPU
		{D6EA227E-12FD-462B-B648-795E510C863A}.Release|Any CPU.ActiveCfg = Release|Any CPU
		{D6EA227E-12FD-462B-B648-795E510C863A}.Release|Any CPU.Build.0 = Release|Any CPU
	EndGlobalSection
	GlobalSection(SolutionProperties) = preSolution
		HideSolutionNode = FALSE
	EndGlobalSection
	GlobalSection(ExtensibilityGlobals) = postSolution
		SolutionGuid = {49697094-982D-4C9A-9B5C-2F8249E0BD82}
	EndGlobalSection
EndGlobal
